<?xml version="1.0" encoding="utf-8"?>
<Project ToolsVersion="4.0" xmlns="http://schemas.microsoft.com/developer/msbuild/2003">
  <ItemGroup>
    <Filter Include="Source Files">
      <UniqueIdentifier>{4FC737F1-C7A5-4376-A066-2A32D752A2FF}</UniqueIdentifier>
      <Extensions>cpp;c;cc;cxx;def;odl;idl;hpj;bat;asm;asmx</Extensions>
    </Filter>
    <Filter Include="Header Files">
      <UniqueIdentifier>{93995380-89BD-4b04-88EB-625FBE52EBFB}</UniqueIdentifier>
      <Extensions>h;hpp;hxx;hm;inl;inc;xsd</Extensions>
    </Filter>
    <Filter Include="Resource Files">
      <UniqueIdentifier>{67DA6AB6-F800-4c08-8B7A-83BB121AAD01}</UniqueIdentifier>
      <Extensions>rc;ico;cur;bmp;dlg;rc2;rct;bin;rgs;gif;jpg;jpeg;jpe;resx;tiff;tif;png;wav;mfcribbon-ms</Extensions>
    </Filter>
  </ItemGroup>
  <ItemGroup>
    <Text Include="readme.txt" />
  </ItemGroup>
  <ItemGroup>
    <ClCompile Include="Subsystems\Drive.cpp">
      <Filter>Source Files</Filter>
    </ClCompile>
    <ClCompile Include="Subsystems\PIDTalonWrapper.cpp">
      <Filter>Source Files</Filter>
    </ClCompile>
    <ClCompile Include="Subsystems\Pneumatics.cpp">
      <Filter>Source Files</Filter>
    </ClCompile>
    <ClCompile Include="Subsystems\Shooter.cpp">
      <Filter>Source Files</Filter>
    </ClCompile>
    <ClCompile Include="Subsystems\ShooterArticulator.cpp">
      <Filter>Source Files</Filter>
    </ClCompile>
    <ClCompile Include="Commands\CheesyDrive.cpp">
      <Filter>Source Files</Filter>
    </ClCompile>
    <ClCompile Include="Commands\MoveShooterArticulator.cpp">
      <Filter>Source Files</Filter>
    </ClCompile>
    <ClCompile Include="Commands\OperateShooter.cpp">
      <Filter>Source Files</Filter>
    </ClCompile>
    <ClCompile Include="Commands\OperateShooterArticulator.cpp">
      <Filter>Source Files</Filter>
    </ClCompile>
    <ClCompile Include="Commands\Shoot.cpp">
      <Filter>Source Files</Filter>
    </ClCompile>
    <ClCompile Include="CommandBase.cpp">
      <Filter>Source Files</Filter>
    </ClCompile>
    <ClCompile Include="OI.cpp">
      <Filter>Source Files</Filter>
    </ClCompile>
    <ClCompile Include="Team422Robot.cpp">
      <Filter>Source Files</Filter>
    </ClCompile>
    <ClCompile Include="Subsystems\Climber.cpp">
      <Filter>Source Files</Filter>
    </ClCompile>
    <ClCompile Include="Subsystems\CompressorSystem.cpp">
      <Filter>Source Files</Filter>
    </ClCompile>
    <ClCompile Include="Subsystems\Pusher.cpp">
      <Filter>Source Files</Filter>
    </ClCompile>
    <ClCompile Include="Commands\ToggleClimber.cpp">
      <Filter>Source Files</Filter>
    </ClCompile>
    <ClCompile Include="Commands\SetShooterArticulator.cpp">
      <Filter>Source Files</Filter>
    </ClCompile>
    <ClCompile Include="Subsystems\Lights.cpp">
      <Filter>Source Files</Filter>
    </ClCompile>
    <ClCompile Include="Commands\ControlLights.cpp">
      <Filter>Source Files</Filter>
    </ClCompile>
  </ItemGroup>
  <ItemGroup>
    <ClInclude Include="Subsystems\Drive.h">
      <Filter>Header Files</Filter>
    </ClInclude>
    <ClInclude Include="Subsystems\PIDTalonWrapper.h">
      <Filter>Header Files</Filter>
    </ClInclude>
    <ClInclude Include="Subsystems\Pneumatics.h">
      <Filter>Header Files</Filter>
    </ClInclude>
    <ClInclude Include="Subsystems\Shooter.h">
      <Filter>Header Files</Filter>
    </ClInclude>
    <ClInclude Include="Subsystems\ShooterArticulator.h">
      <Filter>Header Files</Filter>
    </ClInclude>
    <ClInclude Include="Commands\CheesyDrive.h">
      <Filter>Header Files</Filter>
    </ClInclude>
    <ClInclude Include="Commands\MoveShooterArticulator.h">
      <Filter>Header Files</Filter>
    </ClInclude>
    <ClInclude Include="Commands\OperateShooter.h">
      <Filter>Header Files</Filter>
    </ClInclude>
    <ClInclude Include="Commands\OperateShooterArticulator.h">
      <Filter>Header Files</Filter>
    </ClInclude>
    <ClInclude Include="Commands\Shoot.h">
      <Filter>Header Files</Filter>
    </ClInclude>
    <ClInclude Include="CommandBase.h">
      <Filter>Header Files</Filter>
    </ClInclude>
    <ClInclude Include="OI.h">
      <Filter>Header Files</Filter>
    </ClInclude>
    <ClInclude Include="Team422Robot.h">
      <Filter>Header Files</Filter>
    </ClInclude>
    <ClInclude Include="RobotMap.h">
      <Filter>Header Files</Filter>
    </ClInclude>
    <ClInclude Include="Subsystems\Climber.h">
      <Filter>Header Files</Filter>
    </ClInclude>
    <ClInclude Include="Subsystems\CompressorSystem.h">
      <Filter>Header Files</Filter>
    </ClInclude>
    <ClInclude Include="Subsystems\Pusher.h">
      <Filter>Header Files</Filter>
    </ClInclude>
    <ClInclude Include="Commands\ToggleClimber.h">
      <Filter>Header Files</Filter>
    </ClInclude>
    <ClInclude Include="Commands\SetShooterArticulator.h">
      <Filter>Header Files</Filter>
    </ClInclude>
    <ClInclude Include="Subsystems\Lights.h">
      <Filter>Header Files</Filter>
    </ClInclude>
    <ClInclude Include="Commands\ControlLights.h">
      <Filter>Header Files</Filter>
    </ClInclude>
  </ItemGroup>
</Project>